
Microsoft Visual Studio Solution File, Format Version 12.00
# Visual Studio Version 17
VisualStudioVersion = 17.9.34728.123
MinimumVisualStudioVersion = 10.0.40219.1
Project("{FAE04EC0-301F-11D3-BF4B-00C04F79EFBC}") = "exe10", "exe10\exe10.csproj", "{0B447332-B656-4B74-B078-8A935894F729}"
EndProject
Global
	GlobalSection(SolutionConfigurationPlatforms) = preSolution
		Debug|Any CPU = Debug|Any CPU
		Release|Any CPU = Release|Any CPU
	EndGlobalSection
	GlobalSection(ProjectConfigurationPlatforms) = postSolution
		{0B447332-B656-4B74-B078-8A935894F729}.Debug|Any CPU.ActiveCfg = Debug|Any CPU
		{0B447332-B656-4B74-B078-8A935894F729}.Debug|Any CPU.Build.0 = Debug|Any CPU
		{0B447332-B656-4B74-B078-8A935894F729}.Release|Any CPU.ActiveCfg = Release|Any CPU
		{0B447332-B656-4B74-B078-8A935894F729}.Release|Any CPU.Build.0 = Release|Any CPU
	EndGlobalSection
	GlobalSection(SolutionProperties) = preSolution
		HideSolutionNode = FALSE
	EndGlobalSection
	GlobalSection(ExtensibilityGlobals) = postSolution
		SolutionGuid = {CC4467C1-5F41-4012-BBC9-12D2CC071D54}
	EndGlobalSection
EndGlobal
